github.com/apokalyptik/quicktrie v0.0.0-20140917035651-a8dc27773546 h1:Cc1iEotPezDzA1OElgCM5ef4M/ziUgiXrtrDr8kqmMU=
github.com/apokalyptik/quicktrie v0.0.0-20140917035651-a8dc27773546/go.mod h1:NnSWlG6w8o3WKhdZ2STfd+kK7drBj75rbOamPmZYE6I=
github.com/dghubble/trie v0.1.0 h1:kJnjBLFFElBwS60N4tkPvnLhnpcDxbBjIulgI8CpNGM=
github.com/dghubble/trie v0.1.0/go.mod h1:sOmnzfBNH7H92ow2292dDFWNsVQuh/izuD7otCYb1ak=
github.com/porfirion/trie v1.0.0 h1:uJ5eKB5XQgTc8IHauQF7NFDQtm/zMZ2K3RDQIJ5FByY=
github.com/porfirion/trie v1.0.0/go.mod h1:Ru7z3d2h517lkrh8VdzjZazKfaxV4jf4gLi9myHMbe0=
